
Microsoft Visual Studio Solution File, Format Version 12.00
# Visual Studio 15
VisualStudioVersion = 15.0.28307.1340
MinimumVisualStudioVersion = 10.0.40219.1
Project("{FAE04EC0-301F-11D3-BF4B-00C04F79EFBC}") = "QL_VANBAN", "QL_VANBAN\QL_VANBAN.csproj", "{AC99338B-9B80-4545-8D30-6128366B81E0}"
EndProject
Project("{FAE04EC0-301F-11D3-BF4B-00C04F79EFBC}") = "Model", "Model\Model.csproj", "{6F020E3C-D633-471C-8077-C2F434341191}"
EndProject
Global
	GlobalSection(SolutionConfigurationPlatforms) = preSolution
		Debug|Any CPU = Debug|Any CPU
		Release|Any CPU = Release|Any CPU
	EndGlobalSection
	GlobalSection(ProjectConfigurationPlatforms) = postSolution
		{AC99338B-9B80-4545-8D30-6128366B81E0}.Debug|Any CPU.ActiveCfg = Debug|Any CPU
		{AC99338B-9B80-4545-8D30-6128366B81E0}.Debug|Any CPU.Build.0 = Debug|Any CPU
		{AC99338B-9B80-4545-8D30-6128366B81E0}.Release|Any CPU.ActiveCfg = Release|Any CPU
		{AC99338B-9B80-4545-8D30-6128366B81E0}.Release|Any CPU.Build.0 = Release|Any CPU
		{6F020E3C-D633-471C-8077-C2F434341191}.Debug|Any CPU.ActiveCfg = Debug|Any CPU
		{6F020E3C-D633-471C-8077-C2F434341191}.Debug|Any CPU.Build.0 = Debug|Any CPU
		{6F020E3C-D633-471C-8077-C2F434341191}.Release|Any CPU.ActiveCfg = Release|Any CPU
		{6F020E3C-D633-471C-8077-C2F434341191}.Release|Any CPU.Build.0 = Release|Any CPU
	EndGlobalSection
	GlobalSection(SolutionProperties) = preSolution
		HideSolutionNode = FALSE
	EndGlobalSection
	GlobalSection(ExtensibilityGlobals) = postSolution
		SolutionGuid = {876E4A43-CB9A-4CED-9B4C-4162B5BD4603}
	EndGlobalSection
EndGlobal
